
Microsoft Visual Studio Solution File, Format Version 12.00
# Visual Studio Version 17
VisualStudioVersion = 17.4.33213.308
MinimumVisualStudioVersion = 10.0.40219.1
Project("{9A19103F-16F7-4668-BE54-9A1E7A4F7556}") = "TRC-ConsoleApp-Activities", "TRC-ConsoleApp-Activities.csproj", "{FA54C642-5BF0-4622-81B7-583381E68AEF}"
EndProject
Project("{9A19103F-16F7-4668-BE54-9A1E7A4F7556}") = "Activity_1", "..\Activity_1\Activity_1.csproj", "{0571DB0F-F5D0-4FE0-8AE1-F77A16976B6C}"
EndProject
Project("{9A19103F-16F7-4668-BE54-9A1E7A4F7556}") = "Activity_2", "..\Activity_2\Activity_2.csproj", "{D5F1D817-13DA-44D8-8F24-30413C526202}"
EndProject
Project("{FAE04EC0-301F-11D3-BF4B-00C04F79EFBC}") = "Activity_3", "..\Activity_3\Activity_3.csproj", "{49175BBB-8FC3-42BC-94EB-14D33C9DE422}"
EndProject
Global
	GlobalSection(SolutionConfigurationPlatforms) = preSolution
		Debug|Any CPU = Debug|Any CPU
		Release|Any CPU = Release|Any CPU
	EndGlobalSection
	GlobalSection(ProjectConfigurationPlatforms) = postSolution
		{FA54C642-5BF0-4622-81B7-583381E68AEF}.Debug|Any CPU.ActiveCfg = Debug|Any CPU
		{FA54C642-5BF0-4622-81B7-583381E68AEF}.Debug|Any CPU.Build.0 = Debug|Any CPU
		{FA54C642-5BF0-4622-81B7-583381E68AEF}.Release|Any CPU.ActiveCfg = Release|Any CPU
		{FA54C642-5BF0-4622-81B7-583381E68AEF}.Release|Any CPU.Build.0 = Release|Any CPU
		{0571DB0F-F5D0-4FE0-8AE1-F77A16976B6C}.Debug|Any CPU.ActiveCfg = Debug|Any CPU
		{0571DB0F-F5D0-4FE0-8AE1-F77A16976B6C}.Debug|Any CPU.Build.0 = Debug|Any CPU
		{0571DB0F-F5D0-4FE0-8AE1-F77A16976B6C}.Release|Any CPU.ActiveCfg = Release|Any CPU
		{0571DB0F-F5D0-4FE0-8AE1-F77A16976B6C}.Release|Any CPU.Build.0 = Release|Any CPU
		{D5F1D817-13DA-44D8-8F24-30413C526202}.Debug|Any CPU.ActiveCfg = Debug|Any CPU
		{D5F1D817-13DA-44D8-8F24-30413C526202}.Debug|Any CPU.Build.0 = Debug|Any CPU
		{D5F1D817-13DA-44D8-8F24-30413C526202}.Release|Any CPU.ActiveCfg = Release|Any CPU
		{D5F1D817-13DA-44D8-8F24-30413C526202}.Release|Any CPU.Build.0 = Release|Any CPU
		{49175BBB-8FC3-42BC-94EB-14D33C9DE422}.Debug|Any CPU.ActiveCfg = Debug|Any CPU
		{49175BBB-8FC3-42BC-94EB-14D33C9DE422}.Debug|Any CPU.Build.0 = Debug|Any CPU
		{49175BBB-8FC3-42BC-94EB-14D33C9DE422}.Release|Any CPU.ActiveCfg = Release|Any CPU
		{49175BBB-8FC3-42BC-94EB-14D33C9DE422}.Release|Any CPU.Build.0 = Release|Any CPU
	EndGlobalSection
	GlobalSection(SolutionProperties) = preSolution
		HideSolutionNode = FALSE
	EndGlobalSection
	GlobalSection(ExtensibilityGlobals) = postSolution
		SolutionGuid = {5C1D34E5-84C8-4A6D-B8D3-7197DDFFDFC4}
	EndGlobalSection
EndGlobal
